
Microsoft Visual Studio Solution File, Format Version 12.00
# Visual Studio 15
VisualStudioVersion = 15.0.26430.13
MinimumVisualStudioVersion = 10.0.40219.1
Project("{FAE04EC0-301F-11D3-BF4B-00C04F79EFBC}") = "tzatziki.minutz", "tzatziki.minutz\tzatziki.minutz.csproj", "{FFCC9EF9-EF26-43CD-812B-D4EC70197670}"
EndProject
Project("{E53339B2-1760-4266-BCC7-CA923CBCF16C}") = "docker-compose", "docker-compose.dcproj", "{C174CDB1-7E3F-49FC-B49D-A42CD1D6522B}"
EndProject
Project("{FAE04EC0-301F-11D3-BF4B-00C04F79EFBC}") = "tzatziki.minutz.core", "tzatziki.minutz.core\tzatziki.minutz.core.csproj", "{8053A058-B3AD-4E57-9F91-DE2BE3CD84AC}"
EndProject
Project("{FAE04EC0-301F-11D3-BF4B-00C04F79EFBC}") = "tzatziki.minutz.interfaces", "tzatziki.minutz.interfaces\tzatziki.minutz.interfaces.csproj", "{3CCE8670-02DF-4863-86B7-8E8CD1CB2DCD}"
EndProject
Project("{FAE04EC0-301F-11D3-BF4B-00C04F79EFBC}") = "tzatziki.minutz.models", "tzatziki.minutz.models\tzatziki.minutz.models.csproj", "{090B37AD-6EEB-4F66-9607-8DC9725A30BE}"
EndProject
Project("{9A19103F-16F7-4668-BE54-9A1E7A4F7556}") = "tzatziki.minutz.core.tests", "tzatziki.minutz.core.tests\tzatziki.minutz.core.tests\tzatziki.minutz.core.tests.csproj", "{9E0FA105-0E8C-442D-9CA8-A2BAD663639F}"
EndProject
Project("{2150E333-8FDC-42A3-9474-1A3956D46DE8}") = "wiki", "wiki", "{2EC46B1F-41F2-43B1-8C7B-BAAF9B2E9829}"
	ProjectSection(SolutionItems) = preProject
		_wiki\Home.md = _wiki\Home.md
	EndProjectSection
EndProject
Project("{2150E333-8FDC-42A3-9474-1A3956D46DE8}") = "documentation", "documentation", "{FD6FE248-0C70-4AE8-8159-9B81EF1A37A2}"
	ProjectSection(SolutionItems) = preProject
		readme.md = readme.md
	EndProjectSection
EndProject
Project("{9A19103F-16F7-4668-BE54-9A1E7A4F7556}") = "tzatziki.minutz.auth0.service", "tzatziki.minutz.auth0.service\tzatziki.minutz.auth0.service.csproj", "{3EE045DC-832A-4BD1-A731-90AD5A230428}"
EndProject
Project("{9A19103F-16F7-4668-BE54-9A1E7A4F7556}") = "tzatziki.minutz.auth0.repository.tests", "tzatziki.minutz.auth0.repository.tests\tzatziki.minutz.auth0.repository.tests.csproj", "{7B1F1E2E-7B35-40F6-B7C8-559819E18CFB}"
EndProject
Project("{2150E333-8FDC-42A3-9474-1A3956D46DE8}") = "tzatziki.database", "tzatziki.database", "{2FE5E234-B2F6-48BE-AE83-AF0194BC6C44}"
	ProjectSection(SolutionItems) = preProject
		tzatziki.database\app.Instance.sql = tzatziki.database\app.Instance.sql
		tzatziki.database\Create app.createInstanceSchema.sql = tzatziki.database\Create app.createInstanceSchema.sql
		tzatziki.database\Create app.createInstanceUser.sql = tzatziki.database\Create app.createInstanceUser.sql
		tzatziki.database\Create app.createMeeting.sql = tzatziki.database\Create app.createMeeting.sql
		tzatziki.database\Create app.Instance.sql = tzatziki.database\Create app.Instance.sql
		tzatziki.database\Create app.Person.sql = tzatziki.database\Create app.Person.sql
		tzatziki.database\Support_Script.sql = tzatziki.database\Support_Script.sql
	EndProjectSection
EndProject
Project("{FAE04EC0-301F-11D3-BF4B-00C04F79EFBC}") = "tzatziki.minutz.sqlrepository", "tzatziki.minutz.sqlrepository\tzatziki.minutz.sqlrepository.csproj", "{F54F96E2-3C6C-49B9-882E-06DC19169B57}"
EndProject
Global
	GlobalSection(SolutionConfigurationPlatforms) = preSolution
		CICD|Any CPU = CICD|Any CPU
		Debug|Any CPU = Debug|Any CPU
		Release|Any CPU = Release|Any CPU
	EndGlobalSection
	GlobalSection(ProjectConfigurationPlatforms) = postSolution
		{FFCC9EF9-EF26-43CD-812B-D4EC70197670}.CICD|Any CPU.ActiveCfg = CICD|Any CPU
		{FFCC9EF9-EF26-43CD-812B-D4EC70197670}.CICD|Any CPU.Build.0 = CICD|Any CPU
		{FFCC9EF9-EF26-43CD-812B-D4EC70197670}.Debug|Any CPU.ActiveCfg = Debug|Any CPU
		{FFCC9EF9-EF26-43CD-812B-D4EC70197670}.Debug|Any CPU.Build.0 = Debug|Any CPU
		{FFCC9EF9-EF26-43CD-812B-D4EC70197670}.Release|Any CPU.ActiveCfg = Release|Any CPU
		{FFCC9EF9-EF26-43CD-812B-D4EC70197670}.Release|Any CPU.Build.0 = Release|Any CPU
		{C174CDB1-7E3F-49FC-B49D-A42CD1D6522B}.CICD|Any CPU.ActiveCfg = CICD|Any CPU
		{C174CDB1-7E3F-49FC-B49D-A42CD1D6522B}.Debug|Any CPU.ActiveCfg = Debug|Any CPU
		{C174CDB1-7E3F-49FC-B49D-A42CD1D6522B}.Debug|Any CPU.Build.0 = Debug|Any CPU
		{C174CDB1-7E3F-49FC-B49D-A42CD1D6522B}.Release|Any CPU.ActiveCfg = Release|Any CPU
		{C174CDB1-7E3F-49FC-B49D-A42CD1D6522B}.Release|Any CPU.Build.0 = Release|Any CPU
		{8053A058-B3AD-4E57-9F91-DE2BE3CD84AC}.CICD|Any CPU.ActiveCfg = CICD|Any CPU
		{8053A058-B3AD-4E57-9F91-DE2BE3CD84AC}.CICD|Any CPU.Build.0 = CICD|Any CPU
		{8053A058-B3AD-4E57-9F91-DE2BE3CD84AC}.Debug|Any CPU.ActiveCfg = Debug|Any CPU
		{8053A058-B3AD-4E57-9F91-DE2BE3CD84AC}.Debug|Any CPU.Build.0 = Debug|Any CPU
		{8053A058-B3AD-4E57-9F91-DE2BE3CD84AC}.Release|Any CPU.ActiveCfg = Release|Any CPU
		{8053A058-B3AD-4E57-9F91-DE2BE3CD84AC}.Release|Any CPU.Build.0 = Release|Any CPU
		{3CCE8670-02DF-4863-86B7-8E8CD1CB2DCD}.CICD|Any CPU.ActiveCfg = CICD|Any CPU
		{3CCE8670-02DF-4863-86B7-8E8CD1CB2DCD}.CICD|Any CPU.Build.0 = CICD|Any CPU
		{3CCE8670-02DF-4863-86B7-8E8CD1CB2DCD}.Debug|Any CPU.ActiveCfg = Debug|Any CPU
		{3CCE8670-02DF-4863-86B7-8E8CD1CB2DCD}.Debug|Any CPU.Build.0 = Debug|Any CPU
		{3CCE8670-02DF-4863-86B7-8E8CD1CB2DCD}.Release|Any CPU.ActiveCfg = Release|Any CPU
		{3CCE8670-02DF-4863-86B7-8E8CD1CB2DCD}.Release|Any CPU.Build.0 = Release|Any CPU
		{090B37AD-6EEB-4F66-9607-8DC9725A30BE}.CICD|Any CPU.ActiveCfg = CICD|Any CPU
		{090B37AD-6EEB-4F66-9607-8DC9725A30BE}.CICD|Any CPU.Build.0 = CICD|Any CPU
		{090B37AD-6EEB-4F66-9607-8DC9725A30BE}.Debug|Any CPU.ActiveCfg = Debug|Any CPU
		{090B37AD-6EEB-4F66-9607-8DC9725A30BE}.Debug|Any CPU.Build.0 = Debug|Any CPU
		{090B37AD-6EEB-4F66-9607-8DC9725A30BE}.Release|Any CPU.ActiveCfg = Release|Any CPU
		{090B37AD-6EEB-4F66-9607-8DC9725A30BE}.Release|Any CPU.Build.0 = Release|Any CPU
		{9E0FA105-0E8C-442D-9CA8-A2BAD663639F}.CICD|Any CPU.ActiveCfg = CICD|Any CPU
		{9E0FA105-0E8C-442D-9CA8-A2BAD663639F}.CICD|Any CPU.Build.0 = CICD|Any CPU
		{9E0FA105-0E8C-442D-9CA8-A2BAD663639F}.Debug|Any CPU.ActiveCfg = Debug|Any CPU
		{9E0FA105-0E8C-442D-9CA8-A2BAD663639F}.Debug|Any CPU.Build.0 = Debug|Any CPU
		{9E0FA105-0E8C-442D-9CA8-A2BAD663639F}.Release|Any CPU.ActiveCfg = Release|Any CPU
		{9E0FA105-0E8C-442D-9CA8-A2BAD663639F}.Release|Any CPU.Build.0 = Release|Any CPU
		{3EE045DC-832A-4BD1-A731-90AD5A230428}.CICD|Any CPU.ActiveCfg = CICD|Any CPU
		{3EE045DC-832A-4BD1-A731-90AD5A230428}.CICD|Any CPU.Build.0 = CICD|Any CPU
		{3EE045DC-832A-4BD1-A731-90AD5A230428}.Debug|Any CPU.ActiveCfg = Debug|Any CPU
		{3EE045DC-832A-4BD1-A731-90AD5A230428}.Debug|Any CPU.Build.0 = Debug|Any CPU
		{3EE045DC-832A-4BD1-A731-90AD5A230428}.Release|Any CPU.ActiveCfg = Release|Any CPU
		{3EE045DC-832A-4BD1-A731-90AD5A230428}.Release|Any CPU.Build.0 = Release|Any CPU
		{7B1F1E2E-7B35-40F6-B7C8-559819E18CFB}.CICD|Any CPU.ActiveCfg = CICD|Any CPU
		{7B1F1E2E-7B35-40F6-B7C8-559819E18CFB}.CICD|Any CPU.Build.0 = CICD|Any CPU
		{7B1F1E2E-7B35-40F6-B7C8-559819E18CFB}.Debug|Any CPU.ActiveCfg = Debug|Any CPU
		{7B1F1E2E-7B35-40F6-B7C8-559819E18CFB}.Debug|Any CPU.Build.0 = Debug|Any CPU
		{7B1F1E2E-7B35-40F6-B7C8-559819E18CFB}.Release|Any CPU.ActiveCfg = Release|Any CPU
		{7B1F1E2E-7B35-40F6-B7C8-559819E18CFB}.Release|Any CPU.Build.0 = Release|Any CPU
		{F54F96E2-3C6C-49B9-882E-06DC19169B57}.CICD|Any CPU.ActiveCfg = CICD|Any CPU
		{F54F96E2-3C6C-49B9-882E-06DC19169B57}.CICD|Any CPU.Build.0 = CICD|Any CPU
		{F54F96E2-3C6C-49B9-882E-06DC19169B57}.Debug|Any CPU.ActiveCfg = Debug|Any CPU
		{F54F96E2-3C6C-49B9-882E-06DC19169B57}.Debug|Any CPU.Build.0 = Debug|Any CPU
		{F54F96E2-3C6C-49B9-882E-06DC19169B57}.Release|Any CPU.ActiveCfg = Release|Any CPU
		{F54F96E2-3C6C-49B9-882E-06DC19169B57}.Release|Any CPU.Build.0 = Release|Any CPU
	EndGlobalSection
	GlobalSection(SolutionProperties) = preSolution
		HideSolutionNode = FALSE
	EndGlobalSection
EndGlobal
