
Microsoft Visual Studio Solution File, Format Version 12.00
# Visual Studio 15
VisualStudioVersion = 15.0.27004.2005
MinimumVisualStudioVersion = 10.0.40219.1
Project("{2150E333-8FDC-42A3-9474-1A3956D46DE8}") = "Documentation", "Documentation", "{2D076928-7547-4398-857B-0E723CD4C952}"
	ProjectSection(SolutionItems) = preProject
		..\readme.md = ..\readme.md
		..\documentation\setup-database.sql = ..\documentation\setup-database.sql
		..\documentation\alter-reset-account.sql = ..\documentation\alter-reset-account.sql
	EndProjectSection
EndProject
Project("{FAE04EC0-301F-11D3-BF4B-00C04F79EFBC}") = "SqlRepository", "SqlRepository\SqlRepository.csproj", "{D67455E8-3A1D-4A1D-A961-665DAB8173DE}"
EndProject
Project("{FAE04EC0-301F-11D3-BF4B-00C04F79EFBC}") = "Models", "Models\Models.csproj", "{DD1A3AE2-D676-40BA-BB30-B69D36DC3037}"
EndProject
Project("{FAE04EC0-301F-11D3-BF4B-00C04F79EFBC}") = "Interface", "Interface\Interface.csproj", "{84690333-1173-49AD-9A8D-0FFFD8FAFB1B}"
EndProject
Project("{FAE04EC0-301F-11D3-BF4B-00C04F79EFBC}") = "Core", "Core\Core.csproj", "{CD1615FC-B2E3-4CB9-B632-90A258AB28E4}"
EndProject
Project("{FAE04EC0-301F-11D3-BF4B-00C04F79EFBC}") = "Api", "Api\Api.csproj", "{67CA3E6C-1759-46F3-9312-BC67A5C9B677}"
EndProject
Project("{FAE04EC0-301F-11D3-BF4B-00C04F79EFBC}") = "Tests", "Tests\Tests.csproj", "{9D3CF96A-2902-49C4-8760-8A9F3BC3303C}"
EndProject
Project("{2150E333-8FDC-42A3-9474-1A3956D46DE8}") = "Build", "Build", "{48E551FF-BB15-457A-8BB2-C0D6EB2DB908}"
	ProjectSection(SolutionItems) = preProject
		..\api.Dockerfile = ..\api.Dockerfile
		..\bitbucket-pipelines.yml = ..\bitbucket-pipelines.yml
		docker-compose.yml = docker-compose.yml
		..\Dockerfile = ..\Dockerfile
	EndProjectSection
EndProject
Project("{FAE04EC0-301F-11D3-BF4B-00C04F79EFBC}") = "Notifications", "Notifications\Notifications.csproj", "{10DCF7F9-BAAD-4232-82EE-E1DAEC6D8FE9}"
EndProject
Project("{FAE04EC0-301F-11D3-BF4B-00C04F79EFBC}") = "AuthenticationRepository", "AuthenticationRepository\AuthenticationRepository.csproj", "{0B998ECC-F55D-4711-B706-0960C09707FC}"
EndProject
Project("{FAE04EC0-301F-11D3-BF4B-00C04F79EFBC}") = "Reports", "Reports\Reports.csproj", "{48672636-5512-4107-B5DA-DDFFA2A8C0D2}"
EndProject
Project("{FAE04EC0-301F-11D3-BF4B-00C04F79EFBC}") = "AspnetAuthenticationRespository", "AspnetAuthenticationRespository\AspnetAuthenticationRespository.csproj", "{7A5338AF-9B10-4CAC-9BF7-81EAC2BEEE42}"
EndProject
Project("{FAE04EC0-301F-11D3-BF4B-00C04F79EFBC}") = "MinutzEncryption", "MinutzEncryption\MinutzEncryption.csproj", "{C0A106D7-1EDA-46B4-B4E4-404CE762C937}"
EndProject
Global
	GlobalSection(SolutionConfigurationPlatforms) = preSolution
		Debug|Any CPU = Debug|Any CPU
		pipelines|Any CPU = pipelines|Any CPU
		Release|Any CPU = Release|Any CPU
	EndGlobalSection
	GlobalSection(ProjectConfigurationPlatforms) = postSolution
		{D67455E8-3A1D-4A1D-A961-665DAB8173DE}.Debug|Any CPU.ActiveCfg = Debug|Any CPU
		{D67455E8-3A1D-4A1D-A961-665DAB8173DE}.Debug|Any CPU.Build.0 = Debug|Any CPU
		{D67455E8-3A1D-4A1D-A961-665DAB8173DE}.pipelines|Any CPU.ActiveCfg = Debug|Any CPU
		{D67455E8-3A1D-4A1D-A961-665DAB8173DE}.pipelines|Any CPU.Build.0 = Debug|Any CPU
		{D67455E8-3A1D-4A1D-A961-665DAB8173DE}.Release|Any CPU.ActiveCfg = Release|Any CPU
		{D67455E8-3A1D-4A1D-A961-665DAB8173DE}.Release|Any CPU.Build.0 = Release|Any CPU
		{DD1A3AE2-D676-40BA-BB30-B69D36DC3037}.Debug|Any CPU.ActiveCfg = Debug|Any CPU
		{DD1A3AE2-D676-40BA-BB30-B69D36DC3037}.Debug|Any CPU.Build.0 = Debug|Any CPU
		{DD1A3AE2-D676-40BA-BB30-B69D36DC3037}.pipelines|Any CPU.ActiveCfg = Debug|Any CPU
		{DD1A3AE2-D676-40BA-BB30-B69D36DC3037}.pipelines|Any CPU.Build.0 = Debug|Any CPU
		{DD1A3AE2-D676-40BA-BB30-B69D36DC3037}.Release|Any CPU.ActiveCfg = Release|Any CPU
		{DD1A3AE2-D676-40BA-BB30-B69D36DC3037}.Release|Any CPU.Build.0 = Release|Any CPU
		{84690333-1173-49AD-9A8D-0FFFD8FAFB1B}.Debug|Any CPU.ActiveCfg = Debug|Any CPU
		{84690333-1173-49AD-9A8D-0FFFD8FAFB1B}.Debug|Any CPU.Build.0 = Debug|Any CPU
		{84690333-1173-49AD-9A8D-0FFFD8FAFB1B}.pipelines|Any CPU.ActiveCfg = Debug|Any CPU
		{84690333-1173-49AD-9A8D-0FFFD8FAFB1B}.pipelines|Any CPU.Build.0 = Debug|Any CPU
		{84690333-1173-49AD-9A8D-0FFFD8FAFB1B}.Release|Any CPU.ActiveCfg = Release|Any CPU
		{84690333-1173-49AD-9A8D-0FFFD8FAFB1B}.Release|Any CPU.Build.0 = Release|Any CPU
		{CD1615FC-B2E3-4CB9-B632-90A258AB28E4}.Debug|Any CPU.ActiveCfg = Debug|Any CPU
		{CD1615FC-B2E3-4CB9-B632-90A258AB28E4}.Debug|Any CPU.Build.0 = Debug|Any CPU
		{CD1615FC-B2E3-4CB9-B632-90A258AB28E4}.pipelines|Any CPU.ActiveCfg = Debug|Any CPU
		{CD1615FC-B2E3-4CB9-B632-90A258AB28E4}.pipelines|Any CPU.Build.0 = Debug|Any CPU
		{CD1615FC-B2E3-4CB9-B632-90A258AB28E4}.Release|Any CPU.ActiveCfg = Release|Any CPU
		{CD1615FC-B2E3-4CB9-B632-90A258AB28E4}.Release|Any CPU.Build.0 = Release|Any CPU
		{67CA3E6C-1759-46F3-9312-BC67A5C9B677}.Debug|Any CPU.ActiveCfg = Debug|Any CPU
		{67CA3E6C-1759-46F3-9312-BC67A5C9B677}.Debug|Any CPU.Build.0 = Debug|Any CPU
		{67CA3E6C-1759-46F3-9312-BC67A5C9B677}.pipelines|Any CPU.ActiveCfg = Debug|Any CPU
		{67CA3E6C-1759-46F3-9312-BC67A5C9B677}.pipelines|Any CPU.Build.0 = Debug|Any CPU
		{67CA3E6C-1759-46F3-9312-BC67A5C9B677}.Release|Any CPU.ActiveCfg = Release|Any CPU
		{67CA3E6C-1759-46F3-9312-BC67A5C9B677}.Release|Any CPU.Build.0 = Release|Any CPU
		{9D3CF96A-2902-49C4-8760-8A9F3BC3303C}.Debug|Any CPU.ActiveCfg = Debug|Any CPU
		{9D3CF96A-2902-49C4-8760-8A9F3BC3303C}.Debug|Any CPU.Build.0 = Debug|Any CPU
		{9D3CF96A-2902-49C4-8760-8A9F3BC3303C}.pipelines|Any CPU.ActiveCfg = Debug|Any CPU
		{9D3CF96A-2902-49C4-8760-8A9F3BC3303C}.pipelines|Any CPU.Build.0 = Debug|Any CPU
		{9D3CF96A-2902-49C4-8760-8A9F3BC3303C}.Release|Any CPU.ActiveCfg = Release|Any CPU
		{9D3CF96A-2902-49C4-8760-8A9F3BC3303C}.Release|Any CPU.Build.0 = Release|Any CPU
		{10DCF7F9-BAAD-4232-82EE-E1DAEC6D8FE9}.Debug|Any CPU.ActiveCfg = Debug|Any CPU
		{10DCF7F9-BAAD-4232-82EE-E1DAEC6D8FE9}.Debug|Any CPU.Build.0 = Debug|Any CPU
		{10DCF7F9-BAAD-4232-82EE-E1DAEC6D8FE9}.pipelines|Any CPU.ActiveCfg = Debug|Any CPU
		{10DCF7F9-BAAD-4232-82EE-E1DAEC6D8FE9}.pipelines|Any CPU.Build.0 = Debug|Any CPU
		{10DCF7F9-BAAD-4232-82EE-E1DAEC6D8FE9}.Release|Any CPU.ActiveCfg = Release|Any CPU
		{10DCF7F9-BAAD-4232-82EE-E1DAEC6D8FE9}.Release|Any CPU.Build.0 = Release|Any CPU
		{0B998ECC-F55D-4711-B706-0960C09707FC}.Debug|Any CPU.ActiveCfg = Debug|Any CPU
		{0B998ECC-F55D-4711-B706-0960C09707FC}.Debug|Any CPU.Build.0 = Debug|Any CPU
		{0B998ECC-F55D-4711-B706-0960C09707FC}.pipelines|Any CPU.ActiveCfg = Debug|Any CPU
		{0B998ECC-F55D-4711-B706-0960C09707FC}.pipelines|Any CPU.Build.0 = Debug|Any CPU
		{0B998ECC-F55D-4711-B706-0960C09707FC}.Release|Any CPU.ActiveCfg = Release|Any CPU
		{0B998ECC-F55D-4711-B706-0960C09707FC}.Release|Any CPU.Build.0 = Release|Any CPU
		{48672636-5512-4107-B5DA-DDFFA2A8C0D2}.Debug|Any CPU.ActiveCfg = Debug|Any CPU
		{48672636-5512-4107-B5DA-DDFFA2A8C0D2}.Debug|Any CPU.Build.0 = Debug|Any CPU
		{48672636-5512-4107-B5DA-DDFFA2A8C0D2}.pipelines|Any CPU.ActiveCfg = Debug|Any CPU
		{48672636-5512-4107-B5DA-DDFFA2A8C0D2}.pipelines|Any CPU.Build.0 = Debug|Any CPU
		{48672636-5512-4107-B5DA-DDFFA2A8C0D2}.Release|Any CPU.ActiveCfg = Release|Any CPU
		{48672636-5512-4107-B5DA-DDFFA2A8C0D2}.Release|Any CPU.Build.0 = Release|Any CPU
		{7A5338AF-9B10-4CAC-9BF7-81EAC2BEEE42}.Debug|Any CPU.ActiveCfg = Debug|Any CPU
		{7A5338AF-9B10-4CAC-9BF7-81EAC2BEEE42}.Debug|Any CPU.Build.0 = Debug|Any CPU
		{7A5338AF-9B10-4CAC-9BF7-81EAC2BEEE42}.pipelines|Any CPU.ActiveCfg = Debug|Any CPU
		{7A5338AF-9B10-4CAC-9BF7-81EAC2BEEE42}.pipelines|Any CPU.Build.0 = Debug|Any CPU
		{7A5338AF-9B10-4CAC-9BF7-81EAC2BEEE42}.Release|Any CPU.ActiveCfg = Release|Any CPU
		{7A5338AF-9B10-4CAC-9BF7-81EAC2BEEE42}.Release|Any CPU.Build.0 = Release|Any CPU
		{C0A106D7-1EDA-46B4-B4E4-404CE762C937}.Debug|Any CPU.ActiveCfg = Debug|Any CPU
		{C0A106D7-1EDA-46B4-B4E4-404CE762C937}.Debug|Any CPU.Build.0 = Debug|Any CPU
		{C0A106D7-1EDA-46B4-B4E4-404CE762C937}.pipelines|Any CPU.ActiveCfg = Debug|Any CPU
		{C0A106D7-1EDA-46B4-B4E4-404CE762C937}.pipelines|Any CPU.Build.0 = Debug|Any CPU
		{C0A106D7-1EDA-46B4-B4E4-404CE762C937}.Release|Any CPU.ActiveCfg = Release|Any CPU
		{C0A106D7-1EDA-46B4-B4E4-404CE762C937}.Release|Any CPU.Build.0 = Release|Any CPU
	EndGlobalSection
	GlobalSection(SolutionProperties) = preSolution
		HideSolutionNode = FALSE
	EndGlobalSection
	GlobalSection(ExtensibilityGlobals) = postSolution
		SolutionGuid = {C7EBF6AE-2ADD-43A6-8F11-1067809D55E7}
	EndGlobalSection
EndGlobal
